{
  "pins" : [
    {
      "identity" : "affise-mmp-sdk-ios",
      "kind" : "remoteSourceControl",
      "location" : "https://github.com/affise/affise-mmp-sdk-ios.git",
      "state" : {
        "revision" : "f7ef8252f0666c254546d76b484427949724551f",
        "version" : "1.7.12"
      }
    },
    {
      "identity" : "google-ads-on-device-conversion-ios-sdk",
      "kind" : "remoteSourceControl",
      "location" : "https://github.com/googleads/google-ads-on-device-conversion-ios-sdk.git",
      "state" : {
        "revision" : "dc39082d8881109d35b94b1c122164c0e8d08a55",
        "version" : "3.6.1"
      }
    },
    {
      "identity" : "googleutilities",
      "kind" : "remoteSourceControl",
      "location" : "https://github.com/google/GoogleUtilities.git",
      "state" : {
        "revision" : "9f183ae842be978784f2963a343682e0c46d8fb3",
        "version" : "8.1.2"
      }
    },
    {
      "identity" : "nanopb",
      "kind" : "remoteSourceControl",
      "location" : "https://github.com/firebase/nanopb.git",
      "state" : {
        "revision" : "3851d94a41890dea16dc3db34caf60e585cb4163",
        "version" : "2.30910.1"
      }
    }
  ],
  "version" : 2
}
